
Microsoft Visual Studio Solution File, Format Version 12.00
# Visual Studio Version 17
VisualStudioVersion = 17.10.35013.160
MinimumVisualStudioVersion = 10.0.40219.1
Project("{8BC9CEB8-8B4A-11D0-8D11-00A0C91BC942}") = "数据类型_实型类型", "数据类型_实型类型.vcxproj", "{E71A0312-0D22-4C4E-948E-D975CD51E3BB}"
EndProject
Global
	GlobalSection(SolutionConfigurationPlatforms) = preSolution
		Debug|x64 = Debug|x64
		Debug|x86 = Debug|x86
		Release|x64 = Release|x64
		Release|x86 = Release|x86
	EndGlobalSection
	GlobalSection(ProjectConfigurationPlatforms) = postSolution
		{E71A0312-0D22-4C4E-948E-D975CD51E3BB}.Debug|x64.ActiveCfg = Debug|x64
		{E71A0312-0D22-4C4E-948E-D975CD51E3BB}.Debug|x64.Build.0 = Debug|x64
		{E71A0312-0D22-4C4E-948E-D975CD51E3BB}.Debug|x86.ActiveCfg = Debug|Win32
		{E71A0312-0D22-4C4E-948E-D975CD51E3BB}.Debug|x86.Build.0 = Debug|Win32
		{E71A0312-0D22-4C4E-948E-D975CD51E3BB}.Release|x64.ActiveCfg = Release|x64
		{E71A0312-0D22-4C4E-948E-D975CD51E3BB}.Release|x64.Build.0 = Release|x64
		{E71A0312-0D22-4C4E-948E-D975CD51E3BB}.Release|x86.ActiveCfg = Release|Win32
		{E71A0312-0D22-4C4E-948E-D975CD51E3BB}.Release|x86.Build.0 = Release|Win32
	EndGlobalSection
	GlobalSection(SolutionProperties) = preSolution
		HideSolutionNode = FALSE
	EndGlobalSection
	GlobalSection(ExtensibilityGlobals) = postSolution
		SolutionGuid = {4C0ECE1A-AA2F-4D7F-9914-67303F0BE6BA}
	EndGlobalSection
EndGlobal
