
Microsoft Visual Studio Solution File, Format Version 12.00
# Visual Studio Version 17
VisualStudioVersion = 17.9.34701.34
MinimumVisualStudioVersion = 10.0.40219.1
Project("{8BC9CEB8-8B4A-11D0-8D11-00A0C91BC942}") = "C++书写HelloWorld!", "C++书写HelloWorld!\C++书写HelloWorld!.vcxproj", "{40405555-CBE3-44F0-B7AC-5707953CB4D5}"
EndProject
Global
	GlobalSection(SolutionConfigurationPlatforms) = preSolution
		Debug|x64 = Debug|x64
		Debug|x86 = Debug|x86
		Release|x64 = Release|x64
		Release|x86 = Release|x86
	EndGlobalSection
	GlobalSection(ProjectConfigurationPlatforms) = postSolution
		{40405555-CBE3-44F0-B7AC-5707953CB4D5}.Debug|x64.ActiveCfg = Debug|x64
		{40405555-CBE3-44F0-B7AC-5707953CB4D5}.Debug|x64.Build.0 = Debug|x64
		{40405555-CBE3-44F0-B7AC-5707953CB4D5}.Debug|x86.ActiveCfg = Debug|Win32
		{40405555-CBE3-44F0-B7AC-5707953CB4D5}.Debug|x86.Build.0 = Debug|Win32
		{40405555-CBE3-44F0-B7AC-5707953CB4D5}.Release|x64.ActiveCfg = Release|x64
		{40405555-CBE3-44F0-B7AC-5707953CB4D5}.Release|x64.Build.0 = Release|x64
		{40405555-CBE3-44F0-B7AC-5707953CB4D5}.Release|x86.ActiveCfg = Release|Win32
		{40405555-CBE3-44F0-B7AC-5707953CB4D5}.Release|x86.Build.0 = Release|Win32
	EndGlobalSection
	GlobalSection(SolutionProperties) = preSolution
		HideSolutionNode = FALSE
	EndGlobalSection
	GlobalSection(ExtensibilityGlobals) = postSolution
		SolutionGuid = {3ED5B167-0756-469B-BC25-B7AB8717E8DC}
	EndGlobalSection
EndGlobal
