
Microsoft Visual Studio Solution File, Format Version 12.00
# Visual Studio Version 17
VisualStudioVersion = 17.11.35222.181
MinimumVisualStudioVersion = 10.0.40219.1
Project("{8BC9CEB8-8B4A-11D0-8D11-00A0C91BC942}") = "字符串型学习", "字符串型学习.vcxproj", "{AB58FB05-F961-46CE-9131-6DD354B1DAAF}"
EndProject
Global
	GlobalSection(SolutionConfigurationPlatforms) = preSolution
		Debug|x64 = Debug|x64
		Debug|x86 = Debug|x86
		Release|x64 = Release|x64
		Release|x86 = Release|x86
	EndGlobalSection
	GlobalSection(ProjectConfigurationPlatforms) = postSolution
		{AB58FB05-F961-46CE-9131-6DD354B1DAAF}.Debug|x64.ActiveCfg = Debug|x64
		{AB58FB05-F961-46CE-9131-6DD354B1DAAF}.Debug|x64.Build.0 = Debug|x64
		{AB58FB05-F961-46CE-9131-6DD354B1DAAF}.Debug|x86.ActiveCfg = Debug|Win32
		{AB58FB05-F961-46CE-9131-6DD354B1DAAF}.Debug|x86.Build.0 = Debug|Win32
		{AB58FB05-F961-46CE-9131-6DD354B1DAAF}.Release|x64.ActiveCfg = Release|x64
		{AB58FB05-F961-46CE-9131-6DD354B1DAAF}.Release|x64.Build.0 = Release|x64
		{AB58FB05-F961-46CE-9131-6DD354B1DAAF}.Release|x86.ActiveCfg = Release|Win32
		{AB58FB05-F961-46CE-9131-6DD354B1DAAF}.Release|x86.Build.0 = Release|Win32
	EndGlobalSection
	GlobalSection(SolutionProperties) = preSolution
		HideSolutionNode = FALSE
	EndGlobalSection
	GlobalSection(ExtensibilityGlobals) = postSolution
		SolutionGuid = {533AA411-DB70-4C1B-A615-3D140CC6B0B6}
	EndGlobalSection
EndGlobal
